
Microsoft Visual Studio Solution File, Format Version 12.00
# Visual Studio Version 17
VisualStudioVersion = 17.1.32328.378
MinimumVisualStudioVersion = 10.0.40219.1
Project("{9A19103F-16F7-4668-BE54-9A1E7A4F7556}") = "AWSLambdaLogging", "AWSLambdaLogging\AWSLambdaLogging.csproj", "{EB0EC5B8-0DA6-43C7-A19B-06B9D81207C9}"
EndProject
Global
	GlobalSection(SolutionConfigurationPlatforms) = preSolution
		Debug|Any CPU = Debug|Any CPU
		Release|Any CPU = Release|Any CPU
	EndGlobalSection
	GlobalSection(ProjectConfigurationPlatforms) = postSolution
		{EB0EC5B8-0DA6-43C7-A19B-06B9D81207C9}.Debug|Any CPU.ActiveCfg = Debug|Any CPU
		{EB0EC5B8-0DA6-43C7-A19B-06B9D81207C9}.Debug|Any CPU.Build.0 = Debug|Any CPU
		{EB0EC5B8-0DA6-43C7-A19B-06B9D81207C9}.Release|Any CPU.ActiveCfg = Release|Any CPU
		{EB0EC5B8-0DA6-43C7-A19B-06B9D81207C9}.Release|Any CPU.Build.0 = Release|Any CPU
	EndGlobalSection
	GlobalSection(SolutionProperties) = preSolution
		HideSolutionNode = FALSE
	EndGlobalSection
	GlobalSection(ExtensibilityGlobals) = postSolution
		SolutionGuid = {DD945A06-D723-4C49-902C-42523AC0F2DA}
	EndGlobalSection
EndGlobal
